<?xml version="1.0" encoding="utf-8"?>
<Project ToolsVersion="4.0" xmlns="http://schemas.microsoft.com/developer/msbuild/2003">
  <ItemGroup>
    <ClCompile Include="src\ofApp.cpp">
      <Filter>src</Filter>
    </ClCompile>
    <ClCompile Include="src\main.cpp">
      <Filter>src</Filter>
    </ClCompile>
    <ClCompile Include="..\..\..\..\addons\ofxNestedFileLoader\src\ofxNestedFileLoader.cpp">
      <Filter>addons\ofxNestedFileLoader\src</Filter>
    </ClCompile>
  </ItemGroup>
  <ItemGroup>
    <Filter Include="src">
      <UniqueIdentifier>{d8376475-7454-4a24-b08a-aac121d3ad6f}</UniqueIdentifier>
    </Filter>
    <Filter Include="addons">
      <UniqueIdentifier>{19e2cc38-e533-4db0-a341-d767741da3bd}</UniqueIdentifier>
    </Filter>
    <Filter Include="addons\ofxEasing">
      <UniqueIdentifier>{bc98874c-4aff-482f-aa04-81c9776e5002}</UniqueIdentifier>
    </Filter>
    <Filter Include="addons\ofxEasing\src">
      <UniqueIdentifier>{231f77a8-1df0-4343-9b63-847f6478516b}</UniqueIdentifier>
    </Filter>
    <Filter Include="addons\ofxNestedFileLoader">
      <UniqueIdentifier>{6c196b74-7122-401f-bc1c-4cdc01a9f305}</UniqueIdentifier>
    </Filter>
    <Filter Include="addons\ofxNestedFileLoader\src">
      <UniqueIdentifier>{0a3ef32f-12fe-4545-a5a9-ed0008bc2245}</UniqueIdentifier>
    </Filter>
    <Filter Include="data">
      <UniqueIdentifier>{175631c6-a976-429f-9fc0-f6c525ea714e}</UniqueIdentifier>
    </Filter>
    <Filter Include="data\shaders">
      <UniqueIdentifier>{a199b00e-f139-4f45-b9d0-aabae0bab108}</UniqueIdentifier>
    </Filter>
  </ItemGroup>
  <ItemGroup>
    <ClInclude Include="src\ofApp.h">
      <Filter>src</Filter>
    </ClInclude>
    <ClInclude Include="..\..\..\..\addons\ofxEasing\src\ofxEasing.h">
      <Filter>addons\ofxEasing\src</Filter>
    </ClInclude>
    <ClInclude Include="..\..\..\..\addons\ofxNestedFileLoader\src\ofxNestedFileLoader.h">
      <Filter>addons\ofxNestedFileLoader\src</Filter>
    </ClInclude>
  </ItemGroup>
  <ItemGroup>
    <ResourceCompile Include="icon.rc" />
  </ItemGroup>
  <ItemGroup>
    <None Include="bin\data\shaders\plexus.frag">
      <Filter>data\shaders</Filter>
    </None>
    <None Include="bin\data\shaders\plexus.vert">
      <Filter>data\shaders</Filter>
    </None>
  </ItemGroup>
</Project>